
Microsoft Visual Studio Solution File, Format Version 12.00
# Visual Studio Version 17
VisualStudioVersion = 17.0.31903.59
MinimumVisualStudioVersion = 10.0.40219.1
Project("{FAE04EC0-301F-11D3-BF4B-00C04F79EFBC}") = "EStoreWebApp", "EStoreWebApp\EStoreWebApp.csproj", "{D328CDB7-8392-4B1D-8A82-A0871DCFAEC2}"
EndProject
Project("{FAE04EC0-301F-11D3-BF4B-00C04F79EFBC}") = "BLL", "BLL\BLL.csproj", "{8D5632E0-1C68-4119-A3D8-20818262F3A6}"
EndProject
Project("{FAE04EC0-301F-11D3-BF4B-00C04F79EFBC}") = "BOL", "BOL\BOL.csproj", "{68B4133F-A6AD-496F-9DA3-0A66DB6D4020}"
EndProject
Project("{FAE04EC0-301F-11D3-BF4B-00C04F79EFBC}") = "DAL", "DAL\DAL.csproj", "{8BE7A9A8-FD15-4F5D-986E-5273AEDCDF66}"
EndProject
Global
	GlobalSection(SolutionConfigurationPlatforms) = preSolution
		Debug|Any CPU = Debug|Any CPU
		Release|Any CPU = Release|Any CPU
	EndGlobalSection
	GlobalSection(SolutionProperties) = preSolution
		HideSolutionNode = FALSE
	EndGlobalSection
	GlobalSection(ProjectConfigurationPlatforms) = postSolution
		{D328CDB7-8392-4B1D-8A82-A0871DCFAEC2}.Debug|Any CPU.ActiveCfg = Debug|Any CPU
		{D328CDB7-8392-4B1D-8A82-A0871DCFAEC2}.Debug|Any CPU.Build.0 = Debug|Any CPU
		{D328CDB7-8392-4B1D-8A82-A0871DCFAEC2}.Release|Any CPU.ActiveCfg = Release|Any CPU
		{D328CDB7-8392-4B1D-8A82-A0871DCFAEC2}.Release|Any CPU.Build.0 = Release|Any CPU
		{8D5632E0-1C68-4119-A3D8-20818262F3A6}.Debug|Any CPU.ActiveCfg = Debug|Any CPU
		{8D5632E0-1C68-4119-A3D8-20818262F3A6}.Debug|Any CPU.Build.0 = Debug|Any CPU
		{8D5632E0-1C68-4119-A3D8-20818262F3A6}.Release|Any CPU.ActiveCfg = Release|Any CPU
		{8D5632E0-1C68-4119-A3D8-20818262F3A6}.Release|Any CPU.Build.0 = Release|Any CPU
		{68B4133F-A6AD-496F-9DA3-0A66DB6D4020}.Debug|Any CPU.ActiveCfg = Debug|Any CPU
		{68B4133F-A6AD-496F-9DA3-0A66DB6D4020}.Debug|Any CPU.Build.0 = Debug|Any CPU
		{68B4133F-A6AD-496F-9DA3-0A66DB6D4020}.Release|Any CPU.ActiveCfg = Release|Any CPU
		{68B4133F-A6AD-496F-9DA3-0A66DB6D4020}.Release|Any CPU.Build.0 = Release|Any CPU
		{8BE7A9A8-FD15-4F5D-986E-5273AEDCDF66}.Debug|Any CPU.ActiveCfg = Debug|Any CPU
		{8BE7A9A8-FD15-4F5D-986E-5273AEDCDF66}.Debug|Any CPU.Build.0 = Debug|Any CPU
		{8BE7A9A8-FD15-4F5D-986E-5273AEDCDF66}.Release|Any CPU.ActiveCfg = Release|Any CPU
		{8BE7A9A8-FD15-4F5D-986E-5273AEDCDF66}.Release|Any CPU.Build.0 = Release|Any CPU
	EndGlobalSection
EndGlobal
